{
  "originHash" : "1be85c125cb3ded6c85da90f8993d50fa82b4d09ac92c9408a616233a6ffacbe",
  "pins" : [
    {
      "identity" : "plate",
      "kind" : "remoteSourceControl",
      "location" : "https://github.com/leviouwendijk/plate.git",
      "state" : {
        "revision" : "9f9441ec50ecda72d087dd34ba4a8e0a9925d4f7",
        "version" : "1.7.2"
      }
    },
    {
      "identity" : "swift-argument-parser",
      "kind" : "remoteSourceControl",
      "location" : "https://github.com/apple/swift-argument-parser.git",
      "state" : {
        "revision" : "41982a3656a71c768319979febd796c6fd111d5c",
        "version" : "1.5.0"
      }
    }
  ],
  "version" : 3
}
