{
  "originHash" : "dc3cbb871b991835caf558d6855dfc233d2ec256c1ae30b4a6721303cff3c847",
  "pins" : [
    {
      "identity" : "plate",
      "kind" : "remoteSourceControl",
      "location" : "https://github.com/leviouwendijk/plate.git",
      "state" : {
        "branch" : "master",
        "revision" : "59a07d715254a4bbde08ab38bc710e9a3e9b2045"
      }
    },
    {
      "identity" : "swift-argument-parser",
      "kind" : "remoteSourceControl",
      "location" : "https://github.com/apple/swift-argument-parser.git",
      "state" : {
        "revision" : "41982a3656a71c768319979febd796c6fd111d5c",
        "version" : "1.5.0"
      }
    }
  ],
  "version" : 3
}
